{
    "version": 3,
    "terraform_version": "0.11.7",
    "serial": 6,
    "lineage": "cbbb2165-1b8e-0a85-4e24-dac88400ffe2",
    "modules": [
        {
            "path": [
                "root"
            ],
            "outputs": {
                "EllasticId": {
                    "sensitive": false,
                    "type": "string",
                    "value": "eipalloc-0fef72035593406ff"
                },
                "InternetGW": {
                    "sensitive": false,
                    "type": "string",
                    "value": "igw-0dc1a4cd4edfa2dae"
                },
                "NATid": {
                    "sensitive": false,
                    "type": "string",
                    "value": "nat-06a9a7f952ae912dc"
                },
                "PrivateSubnet": {
                    "sensitive": false,
                    "type": "string",
                    "value": "subnet-08b1a02b1db652ef6"
                },
                "PublicSubnet": {
                    "sensitive": false,
                    "type": "string",
                    "value": "subnet-0ab106416c7a86b4e"
                },
                "RouteTable": {
                    "sensitive": false,
                    "type": "string",
                    "value": "rtb-0ee6758e46484b573"
                },
                "vpc_cidr_block": {
                    "sensitive": false,
                    "type": "string",
                    "value": "10.0.0.0/16"
                },
                "vpc_id": {
                    "sensitive": false,
                    "type": "string",
                    "value": "vpc-07f3200b5522a9bb5"
                }
            },
            "resources": {
                "aws_eip.praceip": {
                    "type": "aws_eip",
                    "depends_on": [
                        "aws_internet_gateway.gateway"
                    ],
                    "primary": {
                        "id": "eipalloc-0fef72035593406ff",
                        "attributes": {
                            "association_id": "eipassoc-b6087200",
                            "domain": "vpc",
                            "id": "eipalloc-0fef72035593406ff",
                            "instance": "",
                            "network_interface": "eni-ed123548",
                            "private_ip": "10.0.0.20",
                            "public_ip": "34.236.200.112",
                            "tags.%": "0",
                            "vpc": "true"
                        },
                        "meta": {
                            "e2bfb730-ecaa-11e6-8f88-34363bc7c4c0": {
                                "delete": 180000000000,
                                "read": 900000000000,
                                "update": 300000000000
                            }
                        },
                        "tainted": false
                    },
                    "deposed": [],
                    "provider": "provider.aws"
                },
                "aws_internet_gateway.gateway": {
                    "type": "aws_internet_gateway",
                    "depends_on": [
                        "aws_vpc.main"
                    ],
                    "primary": {
                        "id": "igw-0dc1a4cd4edfa2dae",
                        "attributes": {
                            "id": "igw-0dc1a4cd4edfa2dae",
                            "tags.%": "1",
                            "tags.Name": "Terraform-internetGW",
                            "vpc_id": "vpc-07f3200b5522a9bb5"
                        },
                        "meta": {},
                        "tainted": false
                    },
                    "deposed": [],
                    "provider": "provider.aws"
                },
                "aws_nat_gateway.nat": {
                    "type": "aws_nat_gateway",
                    "depends_on": [
                        "aws_eip.praceip",
                        "aws_internet_gateway.gateway",
                        "aws_subnet.public"
                    ],
                    "primary": {
                        "id": "nat-06a9a7f952ae912dc",
                        "attributes": {
                            "allocation_id": "eipalloc-0fef72035593406ff",
                            "id": "nat-06a9a7f952ae912dc",
                            "network_interface_id": "eni-ed123548",
                            "private_ip": "10.0.0.20",
                            "public_ip": "34.236.200.112",
                            "subnet_id": "subnet-0ab106416c7a86b4e",
                            "tags.%": "0"
                        },
                        "meta": {},
                        "tainted": false
                    },
                    "deposed": [],
                    "provider": "provider.aws"
                },
                "aws_route_table.rtable": {
                    "type": "aws_route_table",
                    "depends_on": [
                        "aws_internet_gateway.gateway",
                        "aws_vpc.main"
                    ],
                    "primary": {
                        "id": "rtb-0ee6758e46484b573",
                        "attributes": {
                            "id": "rtb-0ee6758e46484b573",
                            "propagating_vgws.#": "0",
                            "route.#": "1",
                            "route.685557622.cidr_block": "0.0.0.0/0",
                            "route.685557622.egress_only_gateway_id": "",
                            "route.685557622.gateway_id": "igw-0dc1a4cd4edfa2dae",
                            "route.685557622.instance_id": "",
                            "route.685557622.ipv6_cidr_block": "",
                            "route.685557622.nat_gateway_id": "",
                            "route.685557622.network_interface_id": "",
                            "route.685557622.vpc_peering_connection_id": "",
                            "tags.%": "1",
                            "tags.Name": "Route Table",
                            "vpc_id": "vpc-07f3200b5522a9bb5"
                        },
                        "meta": {},
                        "tainted": false
                    },
                    "deposed": [],
                    "provider": "provider.aws"
                },
                "aws_route_table_association.rpublic": {
                    "type": "aws_route_table_association",
                    "depends_on": [
                        "aws_route_table.rtable",
                        "aws_subnet.public"
                    ],
                    "primary": {
                        "id": "rtbassoc-0d08e67bcfe4f1beb",
                        "attributes": {
                            "id": "rtbassoc-0d08e67bcfe4f1beb",
                            "route_table_id": "rtb-0ee6758e46484b573",
                            "subnet_id": "subnet-0ab106416c7a86b4e"
                        },
                        "meta": {},
                        "tainted": false
                    },
                    "deposed": [],
                    "provider": "provider.aws"
                },
                "aws_security_group.nat": {
                    "type": "aws_security_group",
                    "depends_on": [
                        "aws_vpc.main"
                    ],
                    "primary": {
                        "id": "sg-031ae924dc133ba50",
                        "attributes": {
                            "arn": "arn:aws:ec2:us-east-1:150185810249:security-group/sg-031ae924dc133ba50",
                            "description": "Allow traffic to pass from the private subnet to the internet",
                            "egress.#": "4",
                            "egress.1799340084.cidr_blocks.#": "1",
                            "egress.1799340084.cidr_blocks.0": "0.0.0.0/0",
                            "egress.1799340084.description": "",
                            "egress.1799340084.from_port": "-1",
                            "egress.1799340084.ipv6_cidr_blocks.#": "0",
                            "egress.1799340084.prefix_list_ids.#": "0",
                            "egress.1799340084.protocol": "icmp",
                            "egress.1799340084.security_groups.#": "0",
                            "egress.1799340084.self": "false",
                            "egress.1799340084.to_port": "-1",
                            "egress.2214680975.cidr_blocks.#": "1",
                            "egress.2214680975.cidr_blocks.0": "0.0.0.0/0",
                            "egress.2214680975.description": "",
                            "egress.2214680975.from_port": "80",
                            "egress.2214680975.ipv6_cidr_blocks.#": "0",
                            "egress.2214680975.prefix_list_ids.#": "0",
                            "egress.2214680975.protocol": "tcp",
                            "egress.2214680975.security_groups.#": "0",
                            "egress.2214680975.self": "false",
                            "egress.2214680975.to_port": "80",
                            "egress.2617001939.cidr_blocks.#": "1",
                            "egress.2617001939.cidr_blocks.0": "0.0.0.0/0",
                            "egress.2617001939.description": "",
                            "egress.2617001939.from_port": "443",
                            "egress.2617001939.ipv6_cidr_blocks.#": "0",
                            "egress.2617001939.prefix_list_ids.#": "0",
                            "egress.2617001939.protocol": "tcp",
                            "egress.2617001939.security_groups.#": "0",
                            "egress.2617001939.self": "false",
                            "egress.2617001939.to_port": "443",
                            "egress.931551850.cidr_blocks.#": "1",
                            "egress.931551850.cidr_blocks.0": "10.0.0.0/16",
                            "egress.931551850.description": "",
                            "egress.931551850.from_port": "22",
                            "egress.931551850.ipv6_cidr_blocks.#": "0",
                            "egress.931551850.prefix_list_ids.#": "0",
                            "egress.931551850.protocol": "tcp",
                            "egress.931551850.security_groups.#": "0",
                            "egress.931551850.self": "false",
                            "egress.931551850.to_port": "22",
                            "id": "sg-031ae924dc133ba50",
                            "ingress.#": "4",
                            "ingress.1799340084.cidr_blocks.#": "1",
                            "ingress.1799340084.cidr_blocks.0": "0.0.0.0/0",
                            "ingress.1799340084.description": "",
                            "ingress.1799340084.from_port": "-1",
                            "ingress.1799340084.ipv6_cidr_blocks.#": "0",
                            "ingress.1799340084.protocol": "icmp",
                            "ingress.1799340084.security_groups.#": "0",
                            "ingress.1799340084.self": "false",
                            "ingress.1799340084.to_port": "-1",
                            "ingress.2541437006.cidr_blocks.#": "1",
                            "ingress.2541437006.cidr_blocks.0": "0.0.0.0/0",
                            "ingress.2541437006.description": "",
                            "ingress.2541437006.from_port": "22",
                            "ingress.2541437006.ipv6_cidr_blocks.#": "0",
                            "ingress.2541437006.protocol": "tcp",
                            "ingress.2541437006.security_groups.#": "0",
                            "ingress.2541437006.self": "false",
                            "ingress.2541437006.to_port": "22",
                            "ingress.386650288.cidr_blocks.#": "1",
                            "ingress.386650288.cidr_blocks.0": "10.0.1.0/24",
                            "ingress.386650288.description": "",
                            "ingress.386650288.from_port": "80",
                            "ingress.386650288.ipv6_cidr_blocks.#": "0",
                            "ingress.386650288.protocol": "tcp",
                            "ingress.386650288.security_groups.#": "0",
                            "ingress.386650288.self": "false",
                            "ingress.386650288.to_port": "80",
                            "ingress.4211794038.cidr_blocks.#": "1",
                            "ingress.4211794038.cidr_blocks.0": "10.0.1.0/24",
                            "ingress.4211794038.description": "",
                            "ingress.4211794038.from_port": "443",
                            "ingress.4211794038.ipv6_cidr_blocks.#": "0",
                            "ingress.4211794038.protocol": "tcp",
                            "ingress.4211794038.security_groups.#": "0",
                            "ingress.4211794038.self": "false",
                            "ingress.4211794038.to_port": "443",
                            "name": "vpc_nat",
                            "owner_id": "150185810249",
                            "revoke_rules_on_delete": "false",
                            "tags.%": "1",
                            "tags.Name": "NATSG",
                            "vpc_id": "vpc-07f3200b5522a9bb5"
                        },
                        "meta": {
                            "e2bfb730-ecaa-11e6-8f88-34363bc7c4c0": {
                                "create": 600000000000,
                                "delete": 600000000000
                            },
                            "schema_version": "1"
                        },
                        "tainted": false
                    },
                    "deposed": [],
                    "provider": "provider.aws"
                },
                "aws_subnet.private": {
                    "type": "aws_subnet",
                    "depends_on": [
                        "aws_vpc.main"
                    ],
                    "primary": {
                        "id": "subnet-08b1a02b1db652ef6",
                        "attributes": {
                            "assign_ipv6_address_on_creation": "false",
                            "availability_zone": "us-east-1c",
                            "cidr_block": "10.0.1.0/24",
                            "id": "subnet-08b1a02b1db652ef6",
                            "map_public_ip_on_launch": "false",
                            "tags.%": "1",
                            "tags.Name": "Private subnet",
                            "vpc_id": "vpc-07f3200b5522a9bb5"
                        },
                        "meta": {
                            "schema_version": "1"
                        },
                        "tainted": false
                    },
                    "deposed": [],
                    "provider": "provider.aws"
                },
                "aws_subnet.public": {
                    "type": "aws_subnet",
                    "depends_on": [
                        "aws_vpc.main"
                    ],
                    "primary": {
                        "id": "subnet-0ab106416c7a86b4e",
                        "attributes": {
                            "assign_ipv6_address_on_creation": "false",
                            "availability_zone": "us-east-1f",
                            "cidr_block": "10.0.0.0/24",
                            "id": "subnet-0ab106416c7a86b4e",
                            "map_public_ip_on_launch": "true",
                            "tags.%": "1",
                            "tags.Name": "Public subnet",
                            "vpc_id": "vpc-07f3200b5522a9bb5"
                        },
                        "meta": {
                            "schema_version": "1"
                        },
                        "tainted": false
                    },
                    "deposed": [],
                    "provider": "provider.aws"
                },
                "aws_vpc.main": {
                    "type": "aws_vpc",
                    "depends_on": [],
                    "primary": {
                        "id": "vpc-07f3200b5522a9bb5",
                        "attributes": {
                            "assign_generated_ipv6_cidr_block": "true",
                            "cidr_block": "10.0.0.0/16",
                            "default_network_acl_id": "acl-0fdf9b42a1dd6ab6b",
                            "default_route_table_id": "rtb-0e9c7496c28f3f082",
                            "default_security_group_id": "sg-0bcc1b6d8b49a553d",
                            "dhcp_options_id": "dopt-e2a30999",
                            "enable_classiclink": "false",
                            "enable_classiclink_dns_support": "false",
                            "enable_dns_hostnames": "false",
                            "enable_dns_support": "true",
                            "id": "vpc-07f3200b5522a9bb5",
                            "instance_tenancy": "default",
                            "ipv6_association_id": "vpc-cidr-assoc-03a4e5d40a1de7b24",
                            "ipv6_cidr_block": "2600:1f18:18d:900::/56",
                            "main_route_table_id": "rtb-0e9c7496c28f3f082",
                            "tags.%": "1",
                            "tags.Name": "Terraform-VPC"
                        },
                        "meta": {
                            "schema_version": "1"
                        },
                        "tainted": false
                    },
                    "deposed": [],
                    "provider": "provider.aws"
                }
            },
            "depends_on": []
        }
    ]
}
